
Microsoft Visual Studio Solution File, Format Version 12.00
# Visual Studio Version 17
VisualStudioVersion = 17.14.36511.14 d17.14
MinimumVisualStudioVersion = 10.0.40219.1
Project("{54A90642-561A-4BB1-A94E-469ADEE60C69}") = "pow-project.client", "pow-project.client\pow-project.client.esproj", "{43E67F13-02FB-C37D-A802-5137BDFDB8FF}"
EndProject
Project("{FAE04EC0-301F-11D3-BF4B-00C04F79EFBC}") = "pow-project.Server", "pow-project.Server\pow-project.Server.csproj", "{0E1DC8C6-5C02-4045-B034-FAEB00222478}"
EndProject
Global
	GlobalSection(SolutionConfigurationPlatforms) = preSolution
		Debug|Any CPU = Debug|Any CPU
		Release|Any CPU = Release|Any CPU
	EndGlobalSection
	GlobalSection(ProjectConfigurationPlatforms) = postSolution
		{43E67F13-02FB-C37D-A802-5137BDFDB8FF}.Debug|Any CPU.ActiveCfg = Debug|Any CPU
		{43E67F13-02FB-C37D-A802-5137BDFDB8FF}.Debug|Any CPU.Build.0 = Debug|Any CPU
		{43E67F13-02FB-C37D-A802-5137BDFDB8FF}.Debug|Any CPU.Deploy.0 = Debug|Any CPU
		{43E67F13-02FB-C37D-A802-5137BDFDB8FF}.Release|Any CPU.ActiveCfg = Release|Any CPU
		{43E67F13-02FB-C37D-A802-5137BDFDB8FF}.Release|Any CPU.Build.0 = Release|Any CPU
		{43E67F13-02FB-C37D-A802-5137BDFDB8FF}.Release|Any CPU.Deploy.0 = Release|Any CPU
		{0E1DC8C6-5C02-4045-B034-FAEB00222478}.Debug|Any CPU.ActiveCfg = Debug|Any CPU
		{0E1DC8C6-5C02-4045-B034-FAEB00222478}.Debug|Any CPU.Build.0 = Debug|Any CPU
		{0E1DC8C6-5C02-4045-B034-FAEB00222478}.Release|Any CPU.ActiveCfg = Release|Any CPU
		{0E1DC8C6-5C02-4045-B034-FAEB00222478}.Release|Any CPU.Build.0 = Release|Any CPU
	EndGlobalSection
	GlobalSection(SolutionProperties) = preSolution
		HideSolutionNode = FALSE
	EndGlobalSection
	GlobalSection(ExtensibilityGlobals) = postSolution
		SolutionGuid = {BB8B6FA9-996E-4040-871B-6C50FF451B72}
	EndGlobalSection
EndGlobal
